// !$*UTF8*$!
{
	archiveVersion = 1;
	classes = {
	};
	objectVersion = 51;
	objects = {

/* Begin PBXBuildFile section */
		1113680F25E4A4BA00D926AF /* Weather.swift in Sources */ = {isa = PBXBuildFile; fileRef = 1113680E25E4A4BA00D926AF /* Weather.swift */; };
		1113681225E4A4FF00D926AF /* Mapper.swift in Sources */ = {isa = PBXBuildFile; fileRef = 1113681125E4A4FF00D926AF /* Mapper.swift */; };
		1113681725E4B3D900D926AF /* AppSettings.swift in Sources */ = {isa = PBXBuildFile; fileRef = 1113681625E4B3D900D926AF /* AppSettings.swift */; };
		1113681A25E4B43100D926AF /* TemperatureType.swift in Sources */ = {isa = PBXBuildFile; fileRef = 1113681925E4B43100D926AF /* TemperatureType.swift */; };
		1113681E25E4B71A00D926AF /* DetailWeatherViewController.swift in Sources */ = {isa = PBXBuildFile; fileRef = 1113681D25E4B71A00D926AF /* DetailWeatherViewController.swift */; };
		1113683125E4B7EC00D926AF /* DetailWeatherViewModel.swift in Sources */ = {isa = PBXBuildFile; fileRef = 1113683025E4B7EC00D926AF /* DetailWeatherViewModel.swift */; };
		1113683525E4BC5100D926AF /* DetailWeather.storyboard in Resources */ = {isa = PBXBuildFile; fileRef = 1113683425E4BC5100D926AF /* DetailWeather.storyboard */; };
		1113683F25E4C20900D926AF /* WebImageView.swift in Sources */ = {isa = PBXBuildFile; fileRef = 1113683E25E4C20900D926AF /* WebImageView.swift */; };
		1113684325E4D51200D926AF /* DefaultLocalService.swift in Sources */ = {isa = PBXBuildFile; fileRef = 1113684225E4D51200D926AF /* DefaultLocalService.swift */; };
		1113684725E4D53B00D926AF /* LocalService.swift in Sources */ = {isa = PBXBuildFile; fileRef = 1113684625E4D53B00D926AF /* LocalService.swift */; };
		115501EB25D7961200E7AA83 /* AppDelegate.swift in Sources */ = {isa = PBXBuildFile; fileRef = 115501EA25D7961200E7AA83 /* AppDelegate.swift */; };
		115501ED25D7961200E7AA83 /* SceneDelegate.swift in Sources */ = {isa = PBXBuildFile; fileRef = 115501EC25D7961200E7AA83 /* SceneDelegate.swift */; };
		115501F425D7961700E7AA83 /* Assets.xcassets in Resources */ = {isa = PBXBuildFile; fileRef = 115501F325D7961700E7AA83 /* Assets.xcassets */; };
		115501F725D7961700E7AA83 /* LaunchScreen.storyboard in Resources */ = {isa = PBXBuildFile; fileRef = 115501F525D7961700E7AA83 /* LaunchScreen.storyboard */; };
		1155020125D7A1C700E7AA83 /* WeatherTabBarController.swift in Sources */ = {isa = PBXBuildFile; fileRef = 1155020025D7A1C700E7AA83 /* WeatherTabBarController.swift */; };
		1155022925D7A4F800E7AA83 /* WeatherComponent.swift in Sources */ = {isa = PBXBuildFile; fileRef = 1155022825D7A4F800E7AA83 /* WeatherComponent.swift */; };
		1155023125D7A6EB00E7AA83 /* WeatherUIComponent.swift in Sources */ = {isa = PBXBuildFile; fileRef = 1155023025D7A6EB00E7AA83 /* WeatherUIComponent.swift */; };
		1155023625D7AA5600E7AA83 /* MapViewController.swift in Sources */ = {isa = PBXBuildFile; fileRef = 1155023525D7AA5600E7AA83 /* MapViewController.swift */; };
		1155023A25D7AAA700E7AA83 /* PlacesListViewController.swift in Sources */ = {isa = PBXBuildFile; fileRef = 1155023925D7AAA700E7AA83 /* PlacesListViewController.swift */; };
		1155024525D7B3E200E7AA83 /* PlacesListCell.swift in Sources */ = {isa = PBXBuildFile; fileRef = 1155024425D7B3E200E7AA83 /* PlacesListCell.swift */; };
		1155024925D7B7E300E7AA83 /* PlacesListViewModel.swift in Sources */ = {isa = PBXBuildFile; fileRef = 1155024825D7B7E300E7AA83 /* PlacesListViewModel.swift */; };
		1155024D25D7B81C00E7AA83 /* PlacesListCellViewModel.swift in Sources */ = {isa = PBXBuildFile; fileRef = 1155024C25D7B81C00E7AA83 /* PlacesListCellViewModel.swift */; };
		1155025125D7B85900E7AA83 /* PlacesListCell.xib in Resources */ = {isa = PBXBuildFile; fileRef = 1155025025D7B85900E7AA83 /* PlacesListCell.xib */; };
		1155025525D7BF4700E7AA83 /* PlacesListConfigurator.swift in Sources */ = {isa = PBXBuildFile; fileRef = 1155025425D7BF4700E7AA83 /* PlacesListConfigurator.swift */; };
		1155025825D7BFEA00E7AA83 /* PlacesListPresenter.swift in Sources */ = {isa = PBXBuildFile; fileRef = 1155025725D7BFEA00E7AA83 /* PlacesListPresenter.swift */; };
		1155025B25D7C01100E7AA83 /* PlacesListInteractor.swift in Sources */ = {isa = PBXBuildFile; fileRef = 1155025A25D7C01100E7AA83 /* PlacesListInteractor.swift */; };
		1155025E25D7C03200E7AA83 /* PlacesListRouter.swift in Sources */ = {isa = PBXBuildFile; fileRef = 1155025D25D7C03200E7AA83 /* PlacesListRouter.swift */; };
		1155026225D7C76F00E7AA83 /* MapPresenter.swift in Sources */ = {isa = PBXBuildFile; fileRef = 1155026125D7C76F00E7AA83 /* MapPresenter.swift */; };
		1155026525D7C77700E7AA83 /* MapInteractor.swift in Sources */ = {isa = PBXBuildFile; fileRef = 1155026425D7C77700E7AA83 /* MapInteractor.swift */; };
		1155026825D7C77D00E7AA83 /* MapRouter.swift in Sources */ = {isa = PBXBuildFile; fileRef = 1155026725D7C77D00E7AA83 /* MapRouter.swift */; };
		1155026B25D7C78600E7AA83 /* MapConfigurator.swift in Sources */ = {isa = PBXBuildFile; fileRef = 1155026A25D7C78600E7AA83 /* MapConfigurator.swift */; };
		1155026E25D7C78F00E7AA83 /* MapViewModel.swift in Sources */ = {isa = PBXBuildFile; fileRef = 1155026D25D7C78F00E7AA83 /* MapViewModel.swift */; };
		1162829325D8A62B008D85D8 /* MapBottomView.swift in Sources */ = {isa = PBXBuildFile; fileRef = 1162829225D8A62B008D85D8 /* MapBottomView.swift */; };
		1162829925D8E08D008D85D8 /* NetworkService.swift in Sources */ = {isa = PBXBuildFile; fileRef = 1162829825D8E08D008D85D8 /* NetworkService.swift */; };
		116282AC25D8E143008D85D8 /* DataFetcherService.swift in Sources */ = {isa = PBXBuildFile; fileRef = 116282AB25D8E143008D85D8 /* DataFetcherService.swift */; };
		116282B125D8E19E008D85D8 /* DataFetcher.swift in Sources */ = {isa = PBXBuildFile; fileRef = 116282B025D8E19E008D85D8 /* DataFetcher.swift */; };
		116282B525D8E1CD008D85D8 /* Networking.swift in Sources */ = {isa = PBXBuildFile; fileRef = 116282B425D8E1CD008D85D8 /* Networking.swift */; };
		116282B925D8E22C008D85D8 /* WeatherDataFetcher.swift in Sources */ = {isa = PBXBuildFile; fileRef = 116282B825D8E22C008D85D8 /* WeatherDataFetcher.swift */; };
		116282BD25D8E412008D85D8 /* OpenWeatherAPI.swift in Sources */ = {isa = PBXBuildFile; fileRef = 116282BC25D8E412008D85D8 /* OpenWeatherAPI.swift */; };
		116282C125D8E6BA008D85D8 /* WeatherDTO.swift in Sources */ = {isa = PBXBuildFile; fileRef = 116282C025D8E6BA008D85D8 /* WeatherDTO.swift */; };
		116282C625D8EFFC008D85D8 /* NetworkDataFetcher.swift in Sources */ = {isa = PBXBuildFile; fileRef = 116282C525D8EFFC008D85D8 /* NetworkDataFetcher.swift */; };
		116282CA25D8F035008D85D8 /* ErrorType.swift in Sources */ = {isa = PBXBuildFile; fileRef = 116282C925D8F035008D85D8 /* ErrorType.swift */; };
		11D61DF425E5D6B50032EFDF /* RootRouter.swift in Sources */ = {isa = PBXBuildFile; fileRef = 11D61DF325E5D6B50032EFDF /* RootRouter.swift */; };
		11D61E0025E5F8E20032EFDF /* Date+Extensions.swift in Sources */ = {isa = PBXBuildFile; fileRef = 11D61DFF25E5F8E20032EFDF /* Date+Extensions.swift */; };
		F318173B3BDDD2FA5ED83D7C /* Pods_WeatherApp.framework in Frameworks */ = {isa = PBXBuildFile; fileRef = 3F2FCE71B1F16ED7276EFA2A /* Pods_WeatherApp.framework */; };
/* End PBXBuildFile section */

/* Begin PBXFileReference section */
		1113680E25E4A4BA00D926AF /* Weather.swift */ = {isa = PBXFileReference; lastKnownFileType = sourcecode.swift; path = Weather.swift; sourceTree = "<group>"; };
		1113681125E4A4FF00D926AF /* Mapper.swift */ = {isa = PBXFileReference; lastKnownFileType = sourcecode.swift; path = Mapper.swift; sourceTree = "<group>"; };
		1113681625E4B3D900D926AF /* AppSettings.swift */ = {isa = PBXFileReference; lastKnownFileType = sourcecode.swift; path = AppSettings.swift; sourceTree = "<group>"; };
		1113681925E4B43100D926AF /* TemperatureType.swift */ = {isa = PBXFileReference; lastKnownFileType = sourcecode.swift; path = TemperatureType.swift; sourceTree = "<group>"; };
		1113681D25E4B71A00D926AF /* DetailWeatherViewController.swift */ = {isa = PBXFileReference; lastKnownFileType = sourcecode.swift; path = DetailWeatherViewController.swift; sourceTree = "<group>"; };
		1113683025E4B7EC00D926AF /* DetailWeatherViewModel.swift */ = {isa = PBXFileReference; lastKnownFileType = sourcecode.swift; path = DetailWeatherViewModel.swift; sourceTree = "<group>"; };
		1113683425E4BC5100D926AF /* DetailWeather.storyboard */ = {isa = PBXFileReference; lastKnownFileType = file.storyboard; path = DetailWeather.storyboard; sourceTree = "<group>"; };
		1113683E25E4C20900D926AF /* WebImageView.swift */ = {isa = PBXFileReference; lastKnownFileType = sourcecode.swift; path = WebImageView.swift; sourceTree = "<group>"; };
		1113684225E4D51200D926AF /* DefaultLocalService.swift */ = {isa = PBXFileReference; lastKnownFileType = sourcecode.swift; path = DefaultLocalService.swift; sourceTree = "<group>"; };
		1113684625E4D53B00D926AF /* LocalService.swift */ = {isa = PBXFileReference; lastKnownFileType = sourcecode.swift; path = LocalService.swift; sourceTree = "<group>"; };
		115501E725D7961200E7AA83 /* WeatherApp.app */ = {isa = PBXFileReference; explicitFileType = wrapper.application; includeInIndex = 0; path = WeatherApp.app; sourceTree = BUILT_PRODUCTS_DIR; };
		115501EA25D7961200E7AA83 /* AppDelegate.swift */ = {isa = PBXFileReference; lastKnownFileType = sourcecode.swift; path = AppDelegate.swift; sourceTree = "<group>"; };
		115501EC25D7961200E7AA83 /* SceneDelegate.swift */ = {isa = PBXFileReference; lastKnownFileType = sourcecode.swift; path = SceneDelegate.swift; sourceTree = "<group>"; };
		115501F325D7961700E7AA83 /* Assets.xcassets */ = {isa = PBXFileReference; lastKnownFileType = folder.assetcatalog; path = Assets.xcassets; sourceTree = "<group>"; };
		115501F625D7961700E7AA83 /* Base */ = {isa = PBXFileReference; lastKnownFileType = file.storyboard; name = Base; path = Base.lproj/LaunchScreen.storyboard; sourceTree = "<group>"; };
		115501F825D7961700E7AA83 /* Info.plist */ = {isa = PBXFileReference; lastKnownFileType = text.plist.xml; path = Info.plist; sourceTree = "<group>"; };
		1155020025D7A1C700E7AA83 /* WeatherTabBarController.swift */ = {isa = PBXFileReference; lastKnownFileType = sourcecode.swift; path = WeatherTabBarController.swift; sourceTree = "<group>"; };
		1155022825D7A4F800E7AA83 /* WeatherComponent.swift */ = {isa = PBXFileReference; lastKnownFileType = sourcecode.swift; path = WeatherComponent.swift; sourceTree = "<group>"; };
		1155023025D7A6EB00E7AA83 /* WeatherUIComponent.swift */ = {isa = PBXFileReference; lastKnownFileType = sourcecode.swift; path = WeatherUIComponent.swift; sourceTree = "<group>"; };
		1155023525D7AA5600E7AA83 /* MapViewController.swift */ = {isa = PBXFileReference; lastKnownFileType = sourcecode.swift; path = MapViewController.swift; sourceTree = "<group>"; };
		1155023925D7AAA700E7AA83 /* PlacesListViewController.swift */ = {isa = PBXFileReference; lastKnownFileType = sourcecode.swift; path = PlacesListViewController.swift; sourceTree = "<group>"; };
		1155024425D7B3E200E7AA83 /* PlacesListCell.swift */ = {isa = PBXFileReference; lastKnownFileType = sourcecode.swift; path = PlacesListCell.swift; sourceTree = "<group>"; };
		1155024825D7B7E300E7AA83 /* PlacesListViewModel.swift */ = {isa = PBXFileReference; lastKnownFileType = sourcecode.swift; path = PlacesListViewModel.swift; sourceTree = "<group>"; };
		1155024C25D7B81C00E7AA83 /* PlacesListCellViewModel.swift */ = {isa = PBXFileReference; lastKnownFileType = sourcecode.swift; path = PlacesListCellViewModel.swift; sourceTree = "<group>"; };
		1155025025D7B85900E7AA83 /* PlacesListCell.xib */ = {isa = PBXFileReference; lastKnownFileType = file.xib; path = PlacesListCell.xib; sourceTree = "<group>"; };
		1155025425D7BF4700E7AA83 /* PlacesListConfigurator.swift */ = {isa = PBXFileReference; lastKnownFileType = sourcecode.swift; path = PlacesListConfigurator.swift; sourceTree = "<group>"; };
		1155025725D7BFEA00E7AA83 /* PlacesListPresenter.swift */ = {isa = PBXFileReference; lastKnownFileType = sourcecode.swift; path = PlacesListPresenter.swift; sourceTree = "<group>"; };
		1155025A25D7C01100E7AA83 /* PlacesListInteractor.swift */ = {isa = PBXFileReference; lastKnownFileType = sourcecode.swift; path = PlacesListInteractor.swift; sourceTree = "<group>"; };
		1155025D25D7C03200E7AA83 /* PlacesListRouter.swift */ = {isa = PBXFileReference; lastKnownFileType = sourcecode.swift; path = PlacesListRouter.swift; sourceTree = "<group>"; };
		1155026125D7C76F00E7AA83 /* MapPresenter.swift */ = {isa = PBXFileReference; lastKnownFileType = sourcecode.swift; path = MapPresenter.swift; sourceTree = "<group>"; };
		1155026425D7C77700E7AA83 /* MapInteractor.swift */ = {isa = PBXFileReference; lastKnownFileType = sourcecode.swift; path = MapInteractor.swift; sourceTree = "<group>"; };
		1155026725D7C77D00E7AA83 /* MapRouter.swift */ = {isa = PBXFileReference; lastKnownFileType = sourcecode.swift; path = MapRouter.swift; sourceTree = "<group>"; };
		1155026A25D7C78600E7AA83 /* MapConfigurator.swift */ = {isa = PBXFileReference; lastKnownFileType = sourcecode.swift; path = MapConfigurator.swift; sourceTree = "<group>"; };
		1155026D25D7C78F00E7AA83 /* MapViewModel.swift */ = {isa = PBXFileReference; lastKnownFileType = sourcecode.swift; path = MapViewModel.swift; sourceTree = "<group>"; };
		1162829225D8A62B008D85D8 /* MapBottomView.swift */ = {isa = PBXFileReference; lastKnownFileType = sourcecode.swift; path = MapBottomView.swift; sourceTree = "<group>"; };
		1162829825D8E08D008D85D8 /* NetworkService.swift */ = {isa = PBXFileReference; lastKnownFileType = sourcecode.swift; path = NetworkService.swift; sourceTree = "<group>"; };
		116282AB25D8E143008D85D8 /* DataFetcherService.swift */ = {isa = PBXFileReference; lastKnownFileType = sourcecode.swift; path = DataFetcherService.swift; sourceTree = "<group>"; };
		116282B025D8E19E008D85D8 /* DataFetcher.swift */ = {isa = PBXFileReference; lastKnownFileType = sourcecode.swift; path = DataFetcher.swift; sourceTree = "<group>"; };
		116282B425D8E1CD008D85D8 /* Networking.swift */ = {isa = PBXFileReference; lastKnownFileType = sourcecode.swift; path = Networking.swift; sourceTree = "<group>"; };
		116282B825D8E22C008D85D8 /* WeatherDataFetcher.swift */ = {isa = PBXFileReference; lastKnownFileType = sourcecode.swift; path = WeatherDataFetcher.swift; sourceTree = "<group>"; };
		116282BC25D8E412008D85D8 /* OpenWeatherAPI.swift */ = {isa = PBXFileReference; lastKnownFileType = sourcecode.swift; path = OpenWeatherAPI.swift; sourceTree = "<group>"; };
		116282C025D8E6BA008D85D8 /* WeatherDTO.swift */ = {isa = PBXFileReference; lastKnownFileType = sourcecode.swift; path = WeatherDTO.swift; sourceTree = "<group>"; };
		116282C525D8EFFC008D85D8 /* NetworkDataFetcher.swift */ = {isa = PBXFileReference; lastKnownFileType = sourcecode.swift; path = NetworkDataFetcher.swift; sourceTree = "<group>"; };
		116282C925D8F035008D85D8 /* ErrorType.swift */ = {isa = PBXFileReference; lastKnownFileType = sourcecode.swift; path = ErrorType.swift; sourceTree = "<group>"; };
		11D61DF325E5D6B50032EFDF /* RootRouter.swift */ = {isa = PBXFileReference; lastKnownFileType = sourcecode.swift; path = RootRouter.swift; sourceTree = "<group>"; };
		11D61DFF25E5F8E20032EFDF /* Date+Extensions.swift */ = {isa = PBXFileReference; lastKnownFileType = sourcecode.swift; path = "Date+Extensions.swift"; sourceTree = "<group>"; };
		2A43392FAF6F305734DFE2E2 /* Pods-WeatherApp.release.xcconfig */ = {isa = PBXFileReference; includeInIndex = 1; lastKnownFileType = text.xcconfig; name = "Pods-WeatherApp.release.xcconfig"; path = "Target Support Files/Pods-WeatherApp/Pods-WeatherApp.release.xcconfig"; sourceTree = "<group>"; };
		3F2FCE71B1F16ED7276EFA2A /* Pods_WeatherApp.framework */ = {isa = PBXFileReference; explicitFileType = wrapper.framework; includeInIndex = 0; path = Pods_WeatherApp.framework; sourceTree = BUILT_PRODUCTS_DIR; };
		BB8B6F174771F3D2D05FA658 /* Pods-WeatherApp.debug.xcconfig */ = {isa = PBXFileReference; includeInIndex = 1; lastKnownFileType = text.xcconfig; name = "Pods-WeatherApp.debug.xcconfig"; path = "Target Support Files/Pods-WeatherApp/Pods-WeatherApp.debug.xcconfig"; sourceTree = "<group>"; };
/* End PBXFileReference section */

/* Begin PBXFrameworksBuildPhase section */
		115501E425D7961200E7AA83 /* Frameworks */ = {
			isa = PBXFrameworksBuildPhase;
			buildActionMask = 2147483647;
			files = (
				F318173B3BDDD2FA5ED83D7C /* Pods_WeatherApp.framework in Frameworks */,
			);
			runOnlyForDeploymentPostprocessing = 0;
		};
/* End PBXFrameworksBuildPhase section */

/* Begin PBXGroup section */
		1113681425E4B3B600D926AF /* Settings */ = {
			isa = PBXGroup;
			children = (
				1113681625E4B3D900D926AF /* AppSettings.swift */,
				1113681925E4B43100D926AF /* TemperatureType.swift */,
			);
			path = Settings;
			sourceTree = "<group>";
		};
		1113681C25E4B6FF00D926AF /* DetailWeather */ = {
			isa = PBXGroup;
			children = (
				1113682F25E4B7DF00D926AF /* ViewModel */,
				1113681D25E4B71A00D926AF /* DetailWeatherViewController.swift */,
				1113683425E4BC5100D926AF /* DetailWeather.storyboard */,
			);
			path = DetailWeather;
			sourceTree = "<group>";
		};
		1113682F25E4B7DF00D926AF /* ViewModel */ = {
			isa = PBXGroup;
			children = (
				1113683025E4B7EC00D926AF /* DetailWeatherViewModel.swift */,
			);
			path = ViewModel;
			sourceTree = "<group>";
		};
		1113683D25E4C1FB00D926AF /* Views */ = {
			isa = PBXGroup;
			children = (
				1113683E25E4C20900D926AF /* WebImageView.swift */,
			);
			path = Views;
			sourceTree = "<group>";
		};
		1113684125E4D50400D926AF /* Local */ = {
			isa = PBXGroup;
			children = (
				1113684225E4D51200D926AF /* DefaultLocalService.swift */,
			);
			path = Local;
			sourceTree = "<group>";
		};
		1113684525E4D51D00D926AF /* Local */ = {
			isa = PBXGroup;
			children = (
				1113684625E4D53B00D926AF /* LocalService.swift */,
			);
			path = Local;
			sourceTree = "<group>";
		};
		115501DE25D7961200E7AA83 = {
			isa = PBXGroup;
			children = (
				115501E925D7961200E7AA83 /* WeatherApp */,
				115501E825D7961200E7AA83 /* Products */,
				FEB44DF09F86AC23C632D229 /* Pods */,
				94A7C79DDB9F98A21448382B /* Frameworks */,
			);
			sourceTree = "<group>";
		};
		115501E825D7961200E7AA83 /* Products */ = {
			isa = PBXGroup;
			children = (
				115501E725D7961200E7AA83 /* WeatherApp.app */,
			);
			name = Products;
			sourceTree = "<group>";
		};
		115501E925D7961200E7AA83 /* WeatherApp */ = {
			isa = PBXGroup;
			children = (
				11D61DFE25E5F8BB0032EFDF /* Expensions */,
				1113681425E4B3B600D926AF /* Settings */,
				116282C825D8F01D008D85D8 /* Entities */,
				116282AE25D8E186008D85D8 /* Domain */,
				1162829725D8E06F008D85D8 /* Data */,
				1155023425D7A76600E7AA83 /* UI */,
				1155022725D7A4E500E7AA83 /* Component */,
				115501EA25D7961200E7AA83 /* AppDelegate.swift */,
				115501EC25D7961200E7AA83 /* SceneDelegate.swift */,
				1155022525D7A4AB00E7AA83 /* Resources */,
			);
			path = WeatherApp;
			sourceTree = "<group>";
		};
		1155022525D7A4AB00E7AA83 /* Resources */ = {
			isa = PBXGroup;
			children = (
				115501F325D7961700E7AA83 /* Assets.xcassets */,
				115501F525D7961700E7AA83 /* LaunchScreen.storyboard */,
				115501F825D7961700E7AA83 /* Info.plist */,
			);
			path = Resources;
			sourceTree = "<group>";
		};
		1155022725D7A4E500E7AA83 /* Component */ = {
			isa = PBXGroup;
			children = (
				1155022F25D7A6DB00E7AA83 /* Protocols */,
				1155022825D7A4F800E7AA83 /* WeatherComponent.swift */,
			);
			path = Component;
			sourceTree = "<group>";
		};
		1155022F25D7A6DB00E7AA83 /* Protocols */ = {
			isa = PBXGroup;
			children = (
				1155023025D7A6EB00E7AA83 /* WeatherUIComponent.swift */,
			);
			path = Protocols;
			sourceTree = "<group>";
		};
		1155023425D7A76600E7AA83 /* UI */ = {
			isa = PBXGroup;
			children = (
				11D61DF225E5D6A80032EFDF /* RootRouter */,
				1113683D25E4C1FB00D926AF /* Views */,
				1155025325D7BC6500E7AA83 /* TabBar */,
				1113681C25E4B6FF00D926AF /* DetailWeather */,
				1155024225D7B3B800E7AA83 /* Map */,
				1155024125D7B3AF00E7AA83 /* PlacesList */,
			);
			path = UI;
			sourceTree = "<group>";
		};
		1155024125D7B3AF00E7AA83 /* PlacesList */ = {
			isa = PBXGroup;
			children = (
				1155024B25D7B7E700E7AA83 /* ViewModel */,
				1155024325D7B3C900E7AA83 /* Cell */,
				1155023925D7AAA700E7AA83 /* PlacesListViewController.swift */,
				1155025425D7BF4700E7AA83 /* PlacesListConfigurator.swift */,
				1155025725D7BFEA00E7AA83 /* PlacesListPresenter.swift */,
				1155025A25D7C01100E7AA83 /* PlacesListInteractor.swift */,
				1155025D25D7C03200E7AA83 /* PlacesListRouter.swift */,
			);
			path = PlacesList;
			sourceTree = "<group>";
		};
		1155024225D7B3B800E7AA83 /* Map */ = {
			isa = PBXGroup;
			children = (
				1162829125D8A61D008D85D8 /* BottomView */,
				1155027125D7C79500E7AA83 /* ViewModel */,
				1155023525D7AA5600E7AA83 /* MapViewController.swift */,
				1155026A25D7C78600E7AA83 /* MapConfigurator.swift */,
				1155026125D7C76F00E7AA83 /* MapPresenter.swift */,
				1155026425D7C77700E7AA83 /* MapInteractor.swift */,
				1155026725D7C77D00E7AA83 /* MapRouter.swift */,
			);
			path = Map;
			sourceTree = "<group>";
		};
		1155024325D7B3C900E7AA83 /* Cell */ = {
			isa = PBXGroup;
			children = (
				1155024425D7B3E200E7AA83 /* PlacesListCell.swift */,
				1155024C25D7B81C00E7AA83 /* PlacesListCellViewModel.swift */,
				1155025025D7B85900E7AA83 /* PlacesListCell.xib */,
			);
			path = Cell;
			sourceTree = "<group>";
		};
		1155024B25D7B7E700E7AA83 /* ViewModel */ = {
			isa = PBXGroup;
			children = (
				1155024825D7B7E300E7AA83 /* PlacesListViewModel.swift */,
			);
			path = ViewModel;
			sourceTree = "<group>";
		};
		1155025325D7BC6500E7AA83 /* TabBar */ = {
			isa = PBXGroup;
			children = (
				1155020025D7A1C700E7AA83 /* WeatherTabBarController.swift */,
			);
			path = TabBar;
			sourceTree = "<group>";
		};
		1155027125D7C79500E7AA83 /* ViewModel */ = {
			isa = PBXGroup;
			children = (
				1155026D25D7C78F00E7AA83 /* MapViewModel.swift */,
			);
			path = ViewModel;
			sourceTree = "<group>";
		};
		1162829125D8A61D008D85D8 /* BottomView */ = {
			isa = PBXGroup;
			children = (
				1162829225D8A62B008D85D8 /* MapBottomView.swift */,
			);
			path = BottomView;
			sourceTree = "<group>";
		};
		1162829525D8E04D008D85D8 /* Service */ = {
			isa = PBXGroup;
			children = (
				1113684125E4D50400D926AF /* Local */,
				1162829625D8E054008D85D8 /* Network */,
			);
			path = Service;
			sourceTree = "<group>";
		};
		1162829625D8E054008D85D8 /* Network */ = {
			isa = PBXGroup;
			children = (
				1162829825D8E08D008D85D8 /* NetworkService.swift */,
				116282AB25D8E143008D85D8 /* DataFetcherService.swift */,
			);
			path = Network;
			sourceTree = "<group>";
		};
		1162829725D8E06F008D85D8 /* Data */ = {
			isa = PBXGroup;
			children = (
				116282C425D8EFF1008D85D8 /* Fetcher */,
				116282BF25D8E6AE008D85D8 /* Model */,
				116282BB25D8E405008D85D8 /* API */,
				1162829525D8E04D008D85D8 /* Service */,
			);
			path = Data;
			sourceTree = "<group>";
		};
		116282AE25D8E186008D85D8 /* Domain */ = {
			isa = PBXGroup;
			children = (
				116282B725D8E1F8008D85D8 /* Fetcher */,
				116282AF25D8E18E008D85D8 /* Service */,
				1113681125E4A4FF00D926AF /* Mapper.swift */,
			);
			path = Domain;
			sourceTree = "<group>";
		};
		116282AF25D8E18E008D85D8 /* Service */ = {
			isa = PBXGroup;
			children = (
				1113684525E4D51D00D926AF /* Local */,
				116282B325D8E1C3008D85D8 /* Network */,
			);
			path = Service;
			sourceTree = "<group>";
		};
		116282B325D8E1C3008D85D8 /* Network */ = {
			isa = PBXGroup;
			children = (
				116282B425D8E1CD008D85D8 /* Networking.swift */,
			);
			path = Network;
			sourceTree = "<group>";
		};
		116282B725D8E1F8008D85D8 /* Fetcher */ = {
			isa = PBXGroup;
			children = (
				116282B025D8E19E008D85D8 /* DataFetcher.swift */,
				116282B825D8E22C008D85D8 /* WeatherDataFetcher.swift */,
			);
			path = Fetcher;
			sourceTree = "<group>";
		};
		116282BB25D8E405008D85D8 /* API */ = {
			isa = PBXGroup;
			children = (
				116282BC25D8E412008D85D8 /* OpenWeatherAPI.swift */,
			);
			path = API;
			sourceTree = "<group>";
		};
		116282BF25D8E6AE008D85D8 /* Model */ = {
			isa = PBXGroup;
			children = (
				116282C025D8E6BA008D85D8 /* WeatherDTO.swift */,
			);
			path = Model;
			sourceTree = "<group>";
		};
		116282C425D8EFF1008D85D8 /* Fetcher */ = {
			isa = PBXGroup;
			children = (
				116282C525D8EFFC008D85D8 /* NetworkDataFetcher.swift */,
			);
			path = Fetcher;
			sourceTree = "<group>";
		};
		116282C825D8F01D008D85D8 /* Entities */ = {
			isa = PBXGroup;
			children = (
				116282C925D8F035008D85D8 /* ErrorType.swift */,
				1113680E25E4A4BA00D926AF /* Weather.swift */,
			);
			path = Entities;
			sourceTree = "<group>";
		};
		11D61DF225E5D6A80032EFDF /* RootRouter */ = {
			isa = PBXGroup;
			children = (
				11D61DF325E5D6B50032EFDF /* RootRouter.swift */,
			);
			path = RootRouter;
			sourceTree = "<group>";
		};
		11D61DFE25E5F8BB0032EFDF /* Expensions */ = {
			isa = PBXGroup;
			children = (
				11D61DFF25E5F8E20032EFDF /* Date+Extensions.swift */,
			);
			path = Expensions;
			sourceTree = "<group>";
		};
		94A7C79DDB9F98A21448382B /* Frameworks */ = {
			isa = PBXGroup;
			children = (
				3F2FCE71B1F16ED7276EFA2A /* Pods_WeatherApp.framework */,
			);
			name = Frameworks;
			sourceTree = "<group>";
		};
		FEB44DF09F86AC23C632D229 /* Pods */ = {
			isa = PBXGroup;
			children = (
				BB8B6F174771F3D2D05FA658 /* Pods-WeatherApp.debug.xcconfig */,
				2A43392FAF6F305734DFE2E2 /* Pods-WeatherApp.release.xcconfig */,
			);
			path = Pods;
			sourceTree = "<group>";
		};
/* End PBXGroup section */

/* Begin PBXNativeTarget section */
		115501E625D7961200E7AA83 /* WeatherApp */ = {
			isa = PBXNativeTarget;
			buildConfigurationList = 115501FB25D7961700E7AA83 /* Build configuration list for PBXNativeTarget "WeatherApp" */;
			buildPhases = (
				03ECD205CFE5B95617309A77 /* [CP] Check Pods Manifest.lock */,
				115501E325D7961200E7AA83 /* Sources */,
				115501E425D7961200E7AA83 /* Frameworks */,
				115501E525D7961200E7AA83 /* Resources */,
				2797CA6175366F4C4ACB5A04 /* [CP] Embed Pods Frameworks */,
			);
			buildRules = (
			);
			dependencies = (
			);
			name = WeatherApp;
			productName = WeatherApp;
			productReference = 115501E725D7961200E7AA83 /* WeatherApp.app */;
			productType = "com.apple.product-type.application";
		};
/* End PBXNativeTarget section */

/* Begin PBXProject section */
		115501DF25D7961200E7AA83 /* Project object */ = {
			isa = PBXProject;
			attributes = {
				LastSwiftUpdateCheck = 1230;
				LastUpgradeCheck = 1230;
				TargetAttributes = {
					115501E625D7961200E7AA83 = {
						CreatedOnToolsVersion = 12.3;
					};
				};
			};
			buildConfigurationList = 115501E225D7961200E7AA83 /* Build configuration list for PBXProject "WeatherApp" */;
			compatibilityVersion = "Xcode 9.3";
			developmentRegion = en;
			hasScannedForEncodings = 0;
			knownRegions = (
				en,
				Base,
			);
			mainGroup = 115501DE25D7961200E7AA83;
			productRefGroup = 115501E825D7961200E7AA83 /* Products */;
			projectDirPath = "";
			projectRoot = "";
			targets = (
				115501E625D7961200E7AA83 /* WeatherApp */,
			);
		};
/* End PBXProject section */

/* Begin PBXResourcesBuildPhase section */
		115501E525D7961200E7AA83 /* Resources */ = {
			isa = PBXResourcesBuildPhase;
			buildActionMask = 2147483647;
			files = (
				1155025125D7B85900E7AA83 /* PlacesListCell.xib in Resources */,
				115501F725D7961700E7AA83 /* LaunchScreen.storyboard in Resources */,
				1113683525E4BC5100D926AF /* DetailWeather.storyboard in Resources */,
				115501F425D7961700E7AA83 /* Assets.xcassets in Resources */,
			);
			runOnlyForDeploymentPostprocessing = 0;
		};
/* End PBXResourcesBuildPhase section */

/* Begin PBXShellScriptBuildPhase section */
		03ECD205CFE5B95617309A77 /* [CP] Check Pods Manifest.lock */ = {
			isa = PBXShellScriptBuildPhase;
			buildActionMask = 2147483647;
			files = (
			);
			inputFileListPaths = (
			);
			inputPaths = (
				"${PODS_PODFILE_DIR_PATH}/Podfile.lock",
				"${PODS_ROOT}/Manifest.lock",
			);
			name = "[CP] Check Pods Manifest.lock";
			outputFileListPaths = (
			);
			outputPaths = (
				"$(DERIVED_FILE_DIR)/Pods-WeatherApp-checkManifestLockResult.txt",
			);
			runOnlyForDeploymentPostprocessing = 0;
			shellPath = /bin/sh;
			shellScript = "diff \"${PODS_PODFILE_DIR_PATH}/Podfile.lock\" \"${PODS_ROOT}/Manifest.lock\" > /dev/null\nif [ $? != 0 ] ; then\n    # print error to STDERR\n    echo \"error: The sandbox is not in sync with the Podfile.lock. Run 'pod install' or update your CocoaPods installation.\" >&2\n    exit 1\nfi\n# This output is used by Xcode 'outputs' to avoid re-running this script phase.\necho \"SUCCESS\" > \"${SCRIPT_OUTPUT_FILE_0}\"\n";
			showEnvVarsInLog = 0;
		};
		2797CA6175366F4C4ACB5A04 /* [CP] Embed Pods Frameworks */ = {
			isa = PBXShellScriptBuildPhase;
			buildActionMask = 2147483647;
			files = (
			);
			inputFileListPaths = (
				"${PODS_ROOT}/Target Support Files/Pods-WeatherApp/Pods-WeatherApp-frameworks-${CONFIGURATION}-input-files.xcfilelist",
			);
			name = "[CP] Embed Pods Frameworks";
			outputFileListPaths = (
				"${PODS_ROOT}/Target Support Files/Pods-WeatherApp/Pods-WeatherApp-frameworks-${CONFIGURATION}-output-files.xcfilelist",
			);
			runOnlyForDeploymentPostprocessing = 0;
			shellPath = /bin/sh;
			shellScript = "\"${PODS_ROOT}/Target Support Files/Pods-WeatherApp/Pods-WeatherApp-frameworks.sh\"\n";
			showEnvVarsInLog = 0;
		};
/* End PBXShellScriptBuildPhase section */

/* Begin PBXSourcesBuildPhase section */
		115501E325D7961200E7AA83 /* Sources */ = {
			isa = PBXSourcesBuildPhase;
			buildActionMask = 2147483647;
			files = (
				116282C625D8EFFC008D85D8 /* NetworkDataFetcher.swift in Sources */,
				1155025E25D7C03200E7AA83 /* PlacesListRouter.swift in Sources */,
				116282BD25D8E412008D85D8 /* OpenWeatherAPI.swift in Sources */,
				1113684725E4D53B00D926AF /* LocalService.swift in Sources */,
				116282B125D8E19E008D85D8 /* DataFetcher.swift in Sources */,
				1113684325E4D51200D926AF /* DefaultLocalService.swift in Sources */,
				1113680F25E4A4BA00D926AF /* Weather.swift in Sources */,
				1155025825D7BFEA00E7AA83 /* PlacesListPresenter.swift in Sources */,
				116282B525D8E1CD008D85D8 /* Networking.swift in Sources */,
				116282CA25D8F035008D85D8 /* ErrorType.swift in Sources */,
				1113681225E4A4FF00D926AF /* Mapper.swift in Sources */,
				1155026225D7C76F00E7AA83 /* MapPresenter.swift in Sources */,
				1155026B25D7C78600E7AA83 /* MapConfigurator.swift in Sources */,
				1155023A25D7AAA700E7AA83 /* PlacesListViewController.swift in Sources */,
				116282AC25D8E143008D85D8 /* DataFetcherService.swift in Sources */,
				1155026825D7C77D00E7AA83 /* MapRouter.swift in Sources */,
				11D61DF425E5D6B50032EFDF /* RootRouter.swift in Sources */,
				1113681E25E4B71A00D926AF /* DetailWeatherViewController.swift in Sources */,
				1155025B25D7C01100E7AA83 /* PlacesListInteractor.swift in Sources */,
				1155024925D7B7E300E7AA83 /* PlacesListViewModel.swift in Sources */,
				11D61E0025E5F8E20032EFDF /* Date+Extensions.swift in Sources */,
				1155024D25D7B81C00E7AA83 /* PlacesListCellViewModel.swift in Sources */,
				1155026525D7C77700E7AA83 /* MapInteractor.swift in Sources */,
				1113683125E4B7EC00D926AF /* DetailWeatherViewModel.swift in Sources */,
				1155022925D7A4F800E7AA83 /* WeatherComponent.swift in Sources */,
				1155026E25D7C78F00E7AA83 /* MapViewModel.swift in Sources */,
				1162829325D8A62B008D85D8 /* MapBottomView.swift in Sources */,
				1113681A25E4B43100D926AF /* TemperatureType.swift in Sources */,
				1162829925D8E08D008D85D8 /* NetworkService.swift in Sources */,
				1113683F25E4C20900D926AF /* WebImageView.swift in Sources */,
				1155023625D7AA5600E7AA83 /* MapViewController.swift in Sources */,
				1155024525D7B3E200E7AA83 /* PlacesListCell.swift in Sources */,
				116282B925D8E22C008D85D8 /* WeatherDataFetcher.swift in Sources */,
				1155020125D7A1C700E7AA83 /* WeatherTabBarController.swift in Sources */,
				116282C125D8E6BA008D85D8 /* WeatherDTO.swift in Sources */,
				1155023125D7A6EB00E7AA83 /* WeatherUIComponent.swift in Sources */,
				115501EB25D7961200E7AA83 /* AppDelegate.swift in Sources */,
				1155025525D7BF4700E7AA83 /* PlacesListConfigurator.swift in Sources */,
				1113681725E4B3D900D926AF /* AppSettings.swift in Sources */,
				115501ED25D7961200E7AA83 /* SceneDelegate.swift in Sources */,
			);
			runOnlyForDeploymentPostprocessing = 0;
		};
/* End PBXSourcesBuildPhase section */

/* Begin PBXVariantGroup section */
		115501F525D7961700E7AA83 /* LaunchScreen.storyboard */ = {
			isa = PBXVariantGroup;
			children = (
				115501F625D7961700E7AA83 /* Base */,
			);
			name = LaunchScreen.storyboard;
			sourceTree = "<group>";
		};
/* End PBXVariantGroup section */

/* Begin XCBuildConfiguration section */
		115501F925D7961700E7AA83 /* Debug */ = {
			isa = XCBuildConfiguration;
			buildSettings = {
				ALWAYS_SEARCH_USER_PATHS = NO;
				CLANG_ANALYZER_NONNULL = YES;
				CLANG_ANALYZER_NUMBER_OBJECT_CONVERSION = YES_AGGRESSIVE;
				CLANG_CXX_LANGUAGE_STANDARD = "gnu++14";
				CLANG_CXX_LIBRARY = "libc++";
				CLANG_ENABLE_MODULES = YES;
				CLANG_ENABLE_OBJC_ARC = YES;
				CLANG_ENABLE_OBJC_WEAK = YES;
				CLANG_WARN_BLOCK_CAPTURE_AUTORELEASING = YES;
				CLANG_WARN_BOOL_CONVERSION = YES;
				CLANG_WARN_COMMA = YES;
				CLANG_WARN_CONSTANT_CONVERSION = YES;
				CLANG_WARN_DEPRECATED_OBJC_IMPLEMENTATIONS = YES;
				CLANG_WARN_DIRECT_OBJC_ISA_USAGE = YES_ERROR;
				CLANG_WARN_DOCUMENTATION_COMMENTS = YES;
				CLANG_WARN_EMPTY_BODY = YES;
				CLANG_WARN_ENUM_CONVERSION = YES;
				CLANG_WARN_INFINITE_RECURSION = YES;
				CLANG_WARN_INT_CONVERSION = YES;
				CLANG_WARN_NON_LITERAL_NULL_CONVERSION = YES;
				CLANG_WARN_OBJC_IMPLICIT_RETAIN_SELF = YES;
				CLANG_WARN_OBJC_LITERAL_CONVERSION = YES;
				CLANG_WARN_OBJC_ROOT_CLASS = YES_ERROR;
				CLANG_WARN_QUOTED_INCLUDE_IN_FRAMEWORK_HEADER = YES;
				CLANG_WARN_RANGE_LOOP_ANALYSIS = YES;
				CLANG_WARN_STRICT_PROTOTYPES = YES;
				CLANG_WARN_SUSPICIOUS_MOVE = YES;
				CLANG_WARN_UNGUARDED_AVAILABILITY = YES_AGGRESSIVE;
				CLANG_WARN_UNREACHABLE_CODE = YES;
				CLANG_WARN__DUPLICATE_METHOD_MATCH = YES;
				COPY_PHASE_STRIP = NO;
				DEBUG_INFORMATION_FORMAT = dwarf;
				ENABLE_STRICT_OBJC_MSGSEND = YES;
				ENABLE_TESTABILITY = YES;
				GCC_C_LANGUAGE_STANDARD = gnu11;
				GCC_DYNAMIC_NO_PIC = NO;
				GCC_NO_COMMON_BLOCKS = YES;
				GCC_OPTIMIZATION_LEVEL = 0;
				GCC_PREPROCESSOR_DEFINITIONS = (
					"DEBUG=1",
					"$(inherited)",
				);
				GCC_WARN_64_TO_32_BIT_CONVERSION = YES;
				GCC_WARN_ABOUT_RETURN_TYPE = YES_ERROR;
				GCC_WARN_UNDECLARED_SELECTOR = YES;
				GCC_WARN_UNINITIALIZED_AUTOS = YES_AGGRESSIVE;
				GCC_WARN_UNUSED_FUNCTION = YES;
				GCC_WARN_UNUSED_VARIABLE = YES;
				IPHONEOS_DEPLOYMENT_TARGET = 14.3;
				MTL_ENABLE_DEBUG_INFO = INCLUDE_SOURCE;
				MTL_FAST_MATH = YES;
				ONLY_ACTIVE_ARCH = YES;
				SDKROOT = iphoneos;
				SWIFT_ACTIVE_COMPILATION_CONDITIONS = DEBUG;
				SWIFT_OPTIMIZATION_LEVEL = "-Onone";
			};
			name = Debug;
		};
		115501FA25D7961700E7AA83 /* Release */ = {
			isa = XCBuildConfiguration;
			buildSettings = {
				ALWAYS_SEARCH_USER_PATHS = NO;
				CLANG_ANALYZER_NONNULL = YES;
				CLANG_ANALYZER_NUMBER_OBJECT_CONVERSION = YES_AGGRESSIVE;
				CLANG_CXX_LANGUAGE_STANDARD = "gnu++14";
				CLANG_CXX_LIBRARY = "libc++";
				CLANG_ENABLE_MODULES = YES;
				CLANG_ENABLE_OBJC_ARC = YES;
				CLANG_ENABLE_OBJC_WEAK = YES;
				CLANG_WARN_BLOCK_CAPTURE_AUTORELEASING = YES;
				CLANG_WARN_BOOL_CONVERSION = YES;
				CLANG_WARN_COMMA = YES;
				CLANG_WARN_CONSTANT_CONVERSION = YES;
				CLANG_WARN_DEPRECATED_OBJC_IMPLEMENTATIONS = YES;
				CLANG_WARN_DIRECT_OBJC_ISA_USAGE = YES_ERROR;
				CLANG_WARN_DOCUMENTATION_COMMENTS = YES;
				CLANG_WARN_EMPTY_BODY = YES;
				CLANG_WARN_ENUM_CONVERSION = YES;
				CLANG_WARN_INFINITE_RECURSION = YES;
				CLANG_WARN_INT_CONVERSION = YES;
				CLANG_WARN_NON_LITERAL_NULL_CONVERSION = YES;
				CLANG_WARN_OBJC_IMPLICIT_RETAIN_SELF = YES;
				CLANG_WARN_OBJC_LITERAL_CONVERSION = YES;
				CLANG_WARN_OBJC_ROOT_CLASS = YES_ERROR;
				CLANG_WARN_QUOTED_INCLUDE_IN_FRAMEWORK_HEADER = YES;
				CLANG_WARN_RANGE_LOOP_ANALYSIS = YES;
				CLANG_WARN_STRICT_PROTOTYPES = YES;
				CLANG_WARN_SUSPICIOUS_MOVE = YES;
				CLANG_WARN_UNGUARDED_AVAILABILITY = YES_AGGRESSIVE;
				CLANG_WARN_UNREACHABLE_CODE = YES;
				CLANG_WARN__DUPLICATE_METHOD_MATCH = YES;
				COPY_PHASE_STRIP = NO;
				DEBUG_INFORMATION_FORMAT = "dwarf-with-dsym";
				ENABLE_NS_ASSERTIONS = NO;
				ENABLE_STRICT_OBJC_MSGSEND = YES;
				GCC_C_LANGUAGE_STANDARD = gnu11;
				GCC_NO_COMMON_BLOCKS = YES;
				GCC_WARN_64_TO_32_BIT_CONVERSION = YES;
				GCC_WARN_ABOUT_RETURN_TYPE = YES_ERROR;
				GCC_WARN_UNDECLARED_SELECTOR = YES;
				GCC_WARN_UNINITIALIZED_AUTOS = YES_AGGRESSIVE;
				GCC_WARN_UNUSED_FUNCTION = YES;
				GCC_WARN_UNUSED_VARIABLE = YES;
				IPHONEOS_DEPLOYMENT_TARGET = 14.3;
				MTL_ENABLE_DEBUG_INFO = NO;
				MTL_FAST_MATH = YES;
				SDKROOT = iphoneos;
				SWIFT_COMPILATION_MODE = wholemodule;
				SWIFT_OPTIMIZATION_LEVEL = "-O";
				VALIDATE_PRODUCT = YES;
			};
			name = Release;
		};
		115501FC25D7961700E7AA83 /* Debug */ = {
			isa = XCBuildConfiguration;
			baseConfigurationReference = BB8B6F174771F3D2D05FA658 /* Pods-WeatherApp.debug.xcconfig */;
			buildSettings = {
				ASSETCATALOG_COMPILER_APPICON_NAME = AppIcon;
				ASSETCATALOG_COMPILER_GLOBAL_ACCENT_COLOR_NAME = AccentColor;
				CODE_SIGN_STYLE = Automatic;
				DEVELOPMENT_TEAM = VFGC8L6523;
				INFOPLIST_FILE = "$(SRCROOT)/WeatherApp/Resources/Info.plist";
				LD_RUNPATH_SEARCH_PATHS = (
					"$(inherited)",
					"@executable_path/Frameworks",
				);
				PRODUCT_BUNDLE_IDENTIFIER = "anatoly-yem.WeatherApp";
				PRODUCT_NAME = "$(TARGET_NAME)";
				SWIFT_VERSION = 5.0;
				TARGETED_DEVICE_FAMILY = "1,2";
			};
			name = Debug;
		};
		115501FD25D7961700E7AA83 /* Release */ = {
			isa = XCBuildConfiguration;
			baseConfigurationReference = 2A43392FAF6F305734DFE2E2 /* Pods-WeatherApp.release.xcconfig */;
			buildSettings = {
				ASSETCATALOG_COMPILER_APPICON_NAME = AppIcon;
				ASSETCATALOG_COMPILER_GLOBAL_ACCENT_COLOR_NAME = AccentColor;
				CODE_SIGN_STYLE = Automatic;
				DEVELOPMENT_TEAM = VFGC8L6523;
				INFOPLIST_FILE = "$(SRCROOT)/WeatherApp/Resources/Info.plist";
				LD_RUNPATH_SEARCH_PATHS = (
					"$(inherited)",
					"@executable_path/Frameworks",
				);
				PRODUCT_BUNDLE_IDENTIFIER = "anatoly-yem.WeatherApp";
				PRODUCT_NAME = "$(TARGET_NAME)";
				SWIFT_VERSION = 5.0;
				TARGETED_DEVICE_FAMILY = "1,2";
			};
			name = Release;
		};
/* End XCBuildConfiguration section */

/* Begin XCConfigurationList section */
		115501E225D7961200E7AA83 /* Build configuration list for PBXProject "WeatherApp" */ = {
			isa = XCConfigurationList;
			buildConfigurations = (
				115501F925D7961700E7AA83 /* Debug */,
				115501FA25D7961700E7AA83 /* Release */,
			);
			defaultConfigurationIsVisible = 0;
			defaultConfigurationName = Release;
		};
		115501FB25D7961700E7AA83 /* Build configuration list for PBXNativeTarget "WeatherApp" */ = {
			isa = XCConfigurationList;
			buildConfigurations = (
				115501FC25D7961700E7AA83 /* Debug */,
				115501FD25D7961700E7AA83 /* Release */,
			);
			defaultConfigurationIsVisible = 0;
			defaultConfigurationName = Release;
		};
/* End XCConfigurationList section */
	};
	rootObject = 115501DF25D7961200E7AA83 /* Project object */;
}
